Microsoft Visual Studio Solution File, Format Version 12.00
# Visual Studio Version 17
VisualStudioVersion = 17.5.2.0
MinimumVisualStudioVersion = 10.0.40219.1
Project("{FAE04EC0-301F-11D3-BF4B-00C04F79EFBC}") = "Room2Room", "Room2Room\Room2Room.csproj", "{92CC6B83-BF70-0C0E-E82B-A6CECC4A0A0D}"
EndProject
Global
	GlobalSection(SolutionConfigurationPlatforms) = preSolution
		Debug|Any CPU = Debug|Any CPU
		Release|Any CPU = Release|Any CPU
	EndGlobalSection
	GlobalSection(ProjectConfigurationPlatforms) = postSolution
		{92CC6B83-BF70-0C0E-E82B-A6CECC4A0A0D}.Debug|Any CPU.ActiveCfg = Debug|Any CPU
		{92CC6B83-BF70-0C0E-E82B-A6CECC4A0A0D}.Debug|Any CPU.Build.0 = Debug|Any CPU
		{92CC6B83-BF70-0C0E-E82B-A6CECC4A0A0D}.Release|Any CPU.ActiveCfg = Release|Any CPU
		{92CC6B83-BF70-0C0E-E82B-A6CECC4A0A0D}.Release|Any CPU.Build.0 = Release|Any CPU
	EndGlobalSection
	GlobalSection(SolutionProperties) = preSolution
		HideSolutionNode = FALSE
	EndGlobalSection
	GlobalSection(ExtensibilityGlobals) = postSolution
		SolutionGuid = {C187C9DB-4CF6-454C-BB8F-257A3F42B89A}
	EndGlobalSection
EndGlobal
